
Microsoft Visual Studio Solution File, Format Version 12.00
# Visual Studio 2013
VisualStudioVersion = 12.0.30723.0
MinimumVisualStudioVersion = 10.0.40219.1
Project("{FAE04EC0-301F-11D3-BF4B-00C04F79EFBC}") = "MyNgAPP", "MyNgAPP\MyNgAPP.csproj", "{B0908481-E73B-4816-B54A-081B9EFDD575}"
EndProject
Project("{FAE04EC0-301F-11D3-BF4B-00C04F79EFBC}") = "MyNgApp.Data", "MyNgApp.Data\MyNgApp.Data.csproj", "{F3BBA0FB-8E8E-4E39-AD52-95FDABABFEB1}"
EndProject
Project("{FAE04EC0-301F-11D3-BF4B-00C04F79EFBC}") = "MyNgApp.Service", "MyNgApp.Service\MyNgApp.Service.csproj", "{09290D8B-32CF-429C-A04F-40DEB7BD195C}"
EndProject
Global
	GlobalSection(SolutionConfigurationPlatforms) = preSolution
		Debug|Any CPU = Debug|Any CPU
		Release|Any CPU = Release|Any CPU
	EndGlobalSection
	GlobalSection(ProjectConfigurationPlatforms) = postSolution
		{B0908481-E73B-4816-B54A-081B9EFDD575}.Debug|Any CPU.ActiveCfg = Debug|Any CPU
		{B0908481-E73B-4816-B54A-081B9EFDD575}.Debug|Any CPU.Build.0 = Debug|Any CPU
		{B0908481-E73B-4816-B54A-081B9EFDD575}.Release|Any CPU.ActiveCfg = Release|Any CPU
		{B0908481-E73B-4816-B54A-081B9EFDD575}.Release|Any CPU.Build.0 = Release|Any CPU
		{F3BBA0FB-8E8E-4E39-AD52-95FDABABFEB1}.Debug|Any CPU.ActiveCfg = Debug|Any CPU
		{F3BBA0FB-8E8E-4E39-AD52-95FDABABFEB1}.Debug|Any CPU.Build.0 = Debug|Any CPU
		{F3BBA0FB-8E8E-4E39-AD52-95FDABABFEB1}.Release|Any CPU.ActiveCfg = Release|Any CPU
		{F3BBA0FB-8E8E-4E39-AD52-95FDABABFEB1}.Release|Any CPU.Build.0 = Release|Any CPU
		{09290D8B-32CF-429C-A04F-40DEB7BD195C}.Debug|Any CPU.ActiveCfg = Debug|Any CPU
		{09290D8B-32CF-429C-A04F-40DEB7BD195C}.Debug|Any CPU.Build.0 = Debug|Any CPU
		{09290D8B-32CF-429C-A04F-40DEB7BD195C}.Release|Any CPU.ActiveCfg = Release|Any CPU
		{09290D8B-32CF-429C-A04F-40DEB7BD195C}.Release|Any CPU.Build.0 = Release|Any CPU
	EndGlobalSection
	GlobalSection(SolutionProperties) = preSolution
		HideSolutionNode = FALSE
	EndGlobalSection
EndGlobal
